
Microsoft Visual Studio Solution File, Format Version 12.00
# Visual Studio Version 16
VisualStudioVersion = 16.0.28803.452
MinimumVisualStudioVersion = 10.0.40219.1
Project("{FAE04EC0-301F-11D3-BF4B-00C04F79EFBC}") = "Baloons", "Baloons\Baloons.csproj", "{A53B0F36-B9E5-45C6-82E9-F7436BF25B32}"
EndProject
Global
	GlobalSection(SolutionConfigurationPlatforms) = preSolution
		Debug|Any CPU = Debug|Any CPU
		Release|Any CPU = Release|Any CPU
	EndGlobalSection
	GlobalSection(ProjectConfigurationPlatforms) = postSolution
		{A53B0F36-B9E5-45C6-82E9-F7436BF25B32}.Debug|Any CPU.ActiveCfg = Debug|Any CPU
		{A53B0F36-B9E5-45C6-82E9-F7436BF25B32}.Debug|Any CPU.Build.0 = Debug|Any CPU
		{A53B0F36-B9E5-45C6-82E9-F7436BF25B32}.Release|Any CPU.ActiveCfg = Release|Any CPU
		{A53B0F36-B9E5-45C6-82E9-F7436BF25B32}.Release|Any CPU.Build.0 = Release|Any CPU
	EndGlobalSection
	GlobalSection(SolutionProperties) = preSolution
		HideSolutionNode = FALSE
	EndGlobalSection
	GlobalSection(ExtensibilityGlobals) = postSolution
		SolutionGuid = {D26EBB86-A248-4507-8EF5-48455AE4DECB}
	EndGlobalSection
EndGlobal
